// !$*UTF8*$!
{
	archiveVersion = 1;
	classes = {
	};
	objectVersion = 55;
	objects = {

/* Begin PBXBuildFile section */
		54260BB128E04F3A00945370 /* AppetizersApp.swift in Sources */ = {isa = PBXBuildFile; fileRef = 54260BB028E04F3A00945370 /* AppetizersApp.swift */; };
		54260BB328E04F3A00945370 /* AppetizerTabView.swift in Sources */ = {isa = PBXBuildFile; fileRef = 54260BB228E04F3A00945370 /* AppetizerTabView.swift */; };
		54260BB528E04F3E00945370 /* Assets.xcassets in Resources */ = {isa = PBXBuildFile; fileRef = 54260BB428E04F3E00945370 /* Assets.xcassets */; };
		54260BB828E04F3E00945370 /* Preview Assets.xcassets in Resources */ = {isa = PBXBuildFile; fileRef = 54260BB728E04F3E00945370 /* Preview Assets.xcassets */; };
		54260BBF28E0721500945370 /* AppetizerListView.swift in Sources */ = {isa = PBXBuildFile; fileRef = 54260BBE28E0721500945370 /* AppetizerListView.swift */; };
		54260BC128E0722300945370 /* AccountVIew.swift in Sources */ = {isa = PBXBuildFile; fileRef = 54260BC028E0722300945370 /* AccountVIew.swift */; };
		54260BC328E0723000945370 /* OrderView.swift in Sources */ = {isa = PBXBuildFile; fileRef = 54260BC228E0723000945370 /* OrderView.swift */; };
		5448B29328E37BB600374839 /* Appetizer.swift in Sources */ = {isa = PBXBuildFile; fileRef = 5448B29228E37BB600374839 /* Appetizer.swift */; };
		5448B29528E380D500374839 /* AppetizerListCell.swift in Sources */ = {isa = PBXBuildFile; fileRef = 5448B29428E380D500374839 /* AppetizerListCell.swift */; };
		5448B29728E3819E00374839 /* NetworkManager.swift in Sources */ = {isa = PBXBuildFile; fileRef = 5448B29628E3819E00374839 /* NetworkManager.swift */; };
		5448B29928E3828400374839 /* APError.swift in Sources */ = {isa = PBXBuildFile; fileRef = 5448B29828E3828400374839 /* APError.swift */; };
		5448B29B28E3892500374839 /* AppetizerListViewModel.swift in Sources */ = {isa = PBXBuildFile; fileRef = 5448B29A28E3892500374839 /* AppetizerListViewModel.swift */; };
		548E38B428E8181300421823 /* AppetizerDetailView.swift in Sources */ = {isa = PBXBuildFile; fileRef = 548E38B328E8181300421823 /* AppetizerDetailView.swift */; };
		548E38B728E82EF900421823 /* APButton.swift in Sources */ = {isa = PBXBuildFile; fileRef = 548E38B628E82EF900421823 /* APButton.swift */; };
		548E38B928E8300800421823 /* XDismissButton.swift in Sources */ = {isa = PBXBuildFile; fileRef = 548E38B828E8300800421823 /* XDismissButton.swift */; };
		548E38BB28E8386F00421823 /* AccountViewModel.swift in Sources */ = {isa = PBXBuildFile; fileRef = 548E38BA28E8386F00421823 /* AccountViewModel.swift */; };
		548E38BD28E840F300421823 /* String+Ext.swift in Sources */ = {isa = PBXBuildFile; fileRef = 548E38BC28E840F300421823 /* String+Ext.swift */; };
		548E38BF28E84DBC00421823 /* User.swift in Sources */ = {isa = PBXBuildFile; fileRef = 548E38BE28E84DBC00421823 /* User.swift */; };
		54AE8B4A28E4559000E60AC0 /* Alert.swift in Sources */ = {isa = PBXBuildFile; fileRef = 54AE8B4928E4559000E60AC0 /* Alert.swift */; };
		54AE8B4C28E45CC600E60AC0 /* LoadingView.swift in Sources */ = {isa = PBXBuildFile; fileRef = 54AE8B4B28E45CC600E60AC0 /* LoadingView.swift */; };
		54AE8B4E28E45D8800E60AC0 /* Color+Ext.swift in Sources */ = {isa = PBXBuildFile; fileRef = 54AE8B4D28E45D8800E60AC0 /* Color+Ext.swift */; };
		54AE8B5028E463BC00E60AC0 /* RemoteImage.swift in Sources */ = {isa = PBXBuildFile; fileRef = 54AE8B4F28E463BC00E60AC0 /* RemoteImage.swift */; };
/* End PBXBuildFile section */

/* Begin PBXFileReference section */
		54260BAD28E04F3A00945370 /* Appetizers.app */ = {isa = PBXFileReference; explicitFileType = wrapper.application; includeInIndex = 0; path = Appetizers.app; sourceTree = BUILT_PRODUCTS_DIR; };
		54260BB028E04F3A00945370 /* AppetizersApp.swift */ = {isa = PBXFileReference; lastKnownFileType = sourcecode.swift; path = AppetizersApp.swift; sourceTree = "<group>"; };
		54260BB228E04F3A00945370 /* AppetizerTabView.swift */ = {isa = PBXFileReference; lastKnownFileType = sourcecode.swift; path = AppetizerTabView.swift; sourceTree = "<group>"; };
		54260BB428E04F3E00945370 /* Assets.xcassets */ = {isa = PBXFileReference; lastKnownFileType = folder.assetcatalog; path = Assets.xcassets; sourceTree = "<group>"; };
		54260BB728E04F3E00945370 /* Preview Assets.xcassets */ = {isa = PBXFileReference; lastKnownFileType = folder.assetcatalog; path = "Preview Assets.xcassets"; sourceTree = "<group>"; };
		54260BBE28E0721500945370 /* AppetizerListView.swift */ = {isa = PBXFileReference; lastKnownFileType = sourcecode.swift; path = AppetizerListView.swift; sourceTree = "<group>"; };
		54260BC028E0722300945370 /* AccountVIew.swift */ = {isa = PBXFileReference; lastKnownFileType = sourcecode.swift; path = AccountVIew.swift; sourceTree = "<group>"; };
		54260BC228E0723000945370 /* OrderView.swift */ = {isa = PBXFileReference; lastKnownFileType = sourcecode.swift; path = OrderView.swift; sourceTree = "<group>"; };
		5448B29228E37BB600374839 /* Appetizer.swift */ = {isa = PBXFileReference; lastKnownFileType = sourcecode.swift; path = Appetizer.swift; sourceTree = "<group>"; };
		5448B29428E380D500374839 /* AppetizerListCell.swift */ = {isa = PBXFileReference; lastKnownFileType = sourcecode.swift; path = AppetizerListCell.swift; sourceTree = "<group>"; };
		5448B29628E3819E00374839 /* NetworkManager.swift */ = {isa = PBXFileReference; lastKnownFileType = sourcecode.swift; path = NetworkManager.swift; sourceTree = "<group>"; };
		5448B29828E3828400374839 /* APError.swift */ = {isa = PBXFileReference; lastKnownFileType = sourcecode.swift; path = APError.swift; sourceTree = "<group>"; };
		5448B29A28E3892500374839 /* AppetizerListViewModel.swift */ = {isa = PBXFileReference; lastKnownFileType = sourcecode.swift; path = AppetizerListViewModel.swift; sourceTree = "<group>"; };
		548E38B328E8181300421823 /* AppetizerDetailView.swift */ = {isa = PBXFileReference; lastKnownFileType = sourcecode.swift; path = AppetizerDetailView.swift; sourceTree = "<group>"; };
		548E38B628E82EF900421823 /* APButton.swift */ = {isa = PBXFileReference; lastKnownFileType = sourcecode.swift; path = APButton.swift; sourceTree = "<group>"; };
		548E38B828E8300800421823 /* XDismissButton.swift */ = {isa = PBXFileReference; lastKnownFileType = sourcecode.swift; path = XDismissButton.swift; sourceTree = "<group>"; };
		548E38BA28E8386F00421823 /* AccountViewModel.swift */ = {isa = PBXFileReference; lastKnownFileType = sourcecode.swift; path = AccountViewModel.swift; sourceTree = "<group>"; };
		548E38BC28E840F300421823 /* String+Ext.swift */ = {isa = PBXFileReference; lastKnownFileType = sourcecode.swift; path = "String+Ext.swift"; sourceTree = "<group>"; };
		548E38BE28E84DBC00421823 /* User.swift */ = {isa = PBXFileReference; lastKnownFileType = sourcecode.swift; path = User.swift; sourceTree = "<group>"; };
		54AE8B4928E4559000E60AC0 /* Alert.swift */ = {isa = PBXFileReference; lastKnownFileType = sourcecode.swift; path = Alert.swift; sourceTree = "<group>"; };
		54AE8B4B28E45CC600E60AC0 /* LoadingView.swift */ = {isa = PBXFileReference; lastKnownFileType = sourcecode.swift; path = LoadingView.swift; sourceTree = "<group>"; };
		54AE8B4D28E45D8800E60AC0 /* Color+Ext.swift */ = {isa = PBXFileReference; lastKnownFileType = sourcecode.swift; path = "Color+Ext.swift"; sourceTree = "<group>"; };
		54AE8B4F28E463BC00E60AC0 /* RemoteImage.swift */ = {isa = PBXFileReference; lastKnownFileType = sourcecode.swift; path = RemoteImage.swift; sourceTree = "<group>"; };
/* End PBXFileReference section */

/* Begin PBXFrameworksBuildPhase section */
		54260BAA28E04F3A00945370 /* Frameworks */ = {
			isa = PBXFrameworksBuildPhase;
			buildActionMask = 2147483647;
			files = (
			);
			runOnlyForDeploymentPostprocessing = 0;
		};
/* End PBXFrameworksBuildPhase section */

/* Begin PBXGroup section */
		54260BA428E04F3A00945370 = {
			isa = PBXGroup;
			children = (
				54260BAF28E04F3A00945370 /* Appetizers */,
				54260BAE28E04F3A00945370 /* Products */,
			);
			sourceTree = "<group>";
		};
		54260BAE28E04F3A00945370 /* Products */ = {
			isa = PBXGroup;
			children = (
				54260BAD28E04F3A00945370 /* Appetizers.app */,
			);
			name = Products;
			sourceTree = "<group>";
		};
		54260BAF28E04F3A00945370 /* Appetizers */ = {
			isa = PBXGroup;
			children = (
				548E38AE28E815BD00421823 /* Model */,
				548E38AA28E8153800421823 /* Utilities */,
				548E38AF28E815D400421823 /* Views */,
				548E38A628E814D700421823 /* Screens */,
				54260BB028E04F3A00945370 /* AppetizersApp.swift */,
				54260BB428E04F3E00945370 /* Assets.xcassets */,
				54260BB628E04F3E00945370 /* Preview Content */,
				54AE8B4F28E463BC00E60AC0 /* RemoteImage.swift */,
			);
			path = Appetizers;
			sourceTree = "<group>";
		};
		54260BB628E04F3E00945370 /* Preview Content */ = {
			isa = PBXGroup;
			children = (
				54260BB728E04F3E00945370 /* Preview Assets.xcassets */,
			);
			path = "Preview Content";
			sourceTree = "<group>";
		};
		548E38A628E814D700421823 /* Screens */ = {
			isa = PBXGroup;
			children = (
				54260BB228E04F3A00945370 /* AppetizerTabView.swift */,
				548E38A728E814E400421823 /* AppetizerListView */,
				548E38A828E814F000421823 /* AccountView */,
				548E38A928E814F900421823 /* OrderView */,
			);
			path = Screens;
			sourceTree = "<group>";
		};
		548E38A728E814E400421823 /* AppetizerListView */ = {
			isa = PBXGroup;
			children = (
				5448B29A28E3892500374839 /* AppetizerListViewModel.swift */,
				54260BBE28E0721500945370 /* AppetizerListView.swift */,
				548E38B328E8181300421823 /* AppetizerDetailView.swift */,
			);
			path = AppetizerListView;
			sourceTree = "<group>";
		};
		548E38A828E814F000421823 /* AccountView */ = {
			isa = PBXGroup;
			children = (
				548E38BA28E8386F00421823 /* AccountViewModel.swift */,
				54260BC028E0722300945370 /* AccountVIew.swift */,
			);
			path = AccountView;
			sourceTree = "<group>";
		};
		548E38A928E814F900421823 /* OrderView */ = {
			isa = PBXGroup;
			children = (
				54260BC228E0723000945370 /* OrderView.swift */,
			);
			path = OrderView;
			sourceTree = "<group>";
		};
		548E38AA28E8153800421823 /* Utilities */ = {
			isa = PBXGroup;
			children = (
				548E38AD28E8159600421823 /* Alert */,
				548E38AC28E8155D00421823 /* Extensions */,
				548E38AB28E8155200421823 /* Managers */,
			);
			path = Utilities;
			sourceTree = "<group>";
		};
		548E38AB28E8155200421823 /* Managers */ = {
			isa = PBXGroup;
			children = (
				5448B29628E3819E00374839 /* NetworkManager.swift */,
			);
			path = Managers;
			sourceTree = "<group>";
		};
		548E38AC28E8155D00421823 /* Extensions */ = {
			isa = PBXGroup;
			children = (
				54AE8B4D28E45D8800E60AC0 /* Color+Ext.swift */,
				548E38BC28E840F300421823 /* String+Ext.swift */,
			);
			path = Extensions;
			sourceTree = "<group>";
		};
		548E38AD28E8159600421823 /* Alert */ = {
			isa = PBXGroup;
			children = (
				5448B29828E3828400374839 /* APError.swift */,
				54AE8B4928E4559000E60AC0 /* Alert.swift */,
			);
			path = Alert;
			sourceTree = "<group>";
		};
		548E38AE28E815BD00421823 /* Model */ = {
			isa = PBXGroup;
			children = (
				5448B29228E37BB600374839 /* Appetizer.swift */,
				548E38BE28E84DBC00421823 /* User.swift */,
			);
			path = Model;
			sourceTree = "<group>";
		};
		548E38AF28E815D400421823 /* Views */ = {
			isa = PBXGroup;
			children = (
				548E38B528E82EE300421823 /* Buttons */,
				548E38B228E8160300421823 /* Image */,
				548E38B128E815F300421823 /* Cells */,
				548E38B028E815E900421823 /* UIKit Components */,
			);
			path = Views;
			sourceTree = "<group>";
		};
		548E38B028E815E900421823 /* UIKit Components */ = {
			isa = PBXGroup;
			children = (
				54AE8B4B28E45CC600E60AC0 /* LoadingView.swift */,
			);
			path = "UIKit Components";
			sourceTree = "<group>";
		};
		548E38B128E815F300421823 /* Cells */ = {
			isa = PBXGroup;
			children = (
				5448B29428E380D500374839 /* AppetizerListCell.swift */,
			);
			path = Cells;
			sourceTree = "<group>";
		};
		548E38B228E8160300421823 /* Image */ = {
			isa = PBXGroup;
			children = (
			);
			path = Image;
			sourceTree = "<group>";
		};
		548E38B528E82EE300421823 /* Buttons */ = {
			isa = PBXGroup;
			children = (
				548E38B628E82EF900421823 /* APButton.swift */,
				548E38B828E8300800421823 /* XDismissButton.swift */,
			);
			path = Buttons;
			sourceTree = "<group>";
		};
/* End PBXGroup section */

/* Begin PBXNativeTarget section */
		54260BAC28E04F3A00945370 /* Appetizers */ = {
			isa = PBXNativeTarget;
			buildConfigurationList = 54260BBB28E04F3E00945370 /* Build configuration list for PBXNativeTarget "Appetizers" */;
			buildPhases = (
				54260BA928E04F3A00945370 /* Sources */,
				54260BAA28E04F3A00945370 /* Frameworks */,
				54260BAB28E04F3A00945370 /* Resources */,
			);
			buildRules = (
			);
			dependencies = (
			);
			name = Appetizers;
			productName = Appetizers;
			productReference = 54260BAD28E04F3A00945370 /* Appetizers.app */;
			productType = "com.apple.product-type.application";
		};
/* End PBXNativeTarget section */

/* Begin PBXProject section */
		54260BA528E04F3A00945370 /* Project object */ = {
			isa = PBXProject;
			attributes = {
				BuildIndependentTargetsInParallel = 1;
				LastSwiftUpdateCheck = 1340;
				LastUpgradeCheck = 1340;
				TargetAttributes = {
					54260BAC28E04F3A00945370 = {
						CreatedOnToolsVersion = 13.4.1;
					};
				};
			};
			buildConfigurationList = 54260BA828E04F3A00945370 /* Build configuration list for PBXProject "Appetizers" */;
			compatibilityVersion = "Xcode 13.0";
			developmentRegion = en;
			hasScannedForEncodings = 0;
			knownRegions = (
				en,
				Base,
			);
			mainGroup = 54260BA428E04F3A00945370;
			productRefGroup = 54260BAE28E04F3A00945370 /* Products */;
			projectDirPath = "";
			projectRoot = "";
			targets = (
				54260BAC28E04F3A00945370 /* Appetizers */,
			);
		};
/* End PBXProject section */

/* Begin PBXResourcesBuildPhase section */
		54260BAB28E04F3A00945370 /* Resources */ = {
			isa = PBXResourcesBuildPhase;
			buildActionMask = 2147483647;
			files = (
				54260BB828E04F3E00945370 /* Preview Assets.xcassets in Resources */,
				54260BB528E04F3E00945370 /* Assets.xcassets in Resources */,
			);
			runOnlyForDeploymentPostprocessing = 0;
		};
/* End PBXResourcesBuildPhase section */

/* Begin PBXSourcesBuildPhase section */
		54260BA928E04F3A00945370 /* Sources */ = {
			isa = PBXSourcesBuildPhase;
			buildActionMask = 2147483647;
			files = (
				5448B29328E37BB600374839 /* Appetizer.swift in Sources */,
				5448B29928E3828400374839 /* APError.swift in Sources */,
				548E38B928E8300800421823 /* XDismissButton.swift in Sources */,
				5448B29528E380D500374839 /* AppetizerListCell.swift in Sources */,
				548E38BB28E8386F00421823 /* AccountViewModel.swift in Sources */,
				5448B29B28E3892500374839 /* AppetizerListViewModel.swift in Sources */,
				54AE8B4E28E45D8800E60AC0 /* Color+Ext.swift in Sources */,
				54260BC128E0722300945370 /* AccountVIew.swift in Sources */,
				548E38BF28E84DBC00421823 /* User.swift in Sources */,
				548E38B728E82EF900421823 /* APButton.swift in Sources */,
				54AE8B4C28E45CC600E60AC0 /* LoadingView.swift in Sources */,
				54260BB328E04F3A00945370 /* AppetizerTabView.swift in Sources */,
				5448B29728E3819E00374839 /* NetworkManager.swift in Sources */,
				54AE8B5028E463BC00E60AC0 /* RemoteImage.swift in Sources */,
				548E38BD28E840F300421823 /* String+Ext.swift in Sources */,
				548E38B428E8181300421823 /* AppetizerDetailView.swift in Sources */,
				54260BB128E04F3A00945370 /* AppetizersApp.swift in Sources */,
				54AE8B4A28E4559000E60AC0 /* Alert.swift in Sources */,
				54260BBF28E0721500945370 /* AppetizerListView.swift in Sources */,
				54260BC328E0723000945370 /* OrderView.swift in Sources */,
			);
			runOnlyForDeploymentPostprocessing = 0;
		};
/* End PBXSourcesBuildPhase section */

/* Begin XCBuildConfiguration section */
		54260BB928E04F3E00945370 /* Debug */ = {
			isa = XCBuildConfiguration;
			buildSettings = {
				ALWAYS_SEARCH_USER_PATHS = NO;
				CLANG_ANALYZER_NONNULL = YES;
				CLANG_ANALYZER_NUMBER_OBJECT_CONVERSION = YES_AGGRESSIVE;
				CLANG_CXX_LANGUAGE_STANDARD = "gnu++17";
				CLANG_ENABLE_MODULES = YES;
				CLANG_ENABLE_OBJC_ARC = YES;
				CLANG_ENABLE_OBJC_WEAK = YES;
				CLANG_WARN_BLOCK_CAPTURE_AUTORELEASING = YES;
				CLANG_WARN_BOOL_CONVERSION = YES;
				CLANG_WARN_COMMA = YES;
				CLANG_WARN_CONSTANT_CONVERSION = YES;
				CLANG_WARN_DEPRECATED_OBJC_IMPLEMENTATIONS = YES;
				CLANG_WARN_DIRECT_OBJC_ISA_USAGE = YES_ERROR;
				CLANG_WARN_DOCUMENTATION_COMMENTS = YES;
				CLANG_WARN_EMPTY_BODY = YES;
				CLANG_WARN_ENUM_CONVERSION = YES;
				CLANG_WARN_INFINITE_RECURSION = YES;
				CLANG_WARN_INT_CONVERSION = YES;
				CLANG_WARN_NON_LITERAL_NULL_CONVERSION = YES;
				CLANG_WARN_OBJC_IMPLICIT_RETAIN_SELF = YES;
				CLANG_WARN_OBJC_LITERAL_CONVERSION = YES;
				CLANG_WARN_OBJC_ROOT_CLASS = YES_ERROR;
				CLANG_WARN_QUOTED_INCLUDE_IN_FRAMEWORK_HEADER = YES;
				CLANG_WARN_RANGE_LOOP_ANALYSIS = YES;
				CLANG_WARN_STRICT_PROTOTYPES = YES;
				CLANG_WARN_SUSPICIOUS_MOVE = YES;
				CLANG_WARN_UNGUARDED_AVAILABILITY = YES_AGGRESSIVE;
				CLANG_WARN_UNREACHABLE_CODE = YES;
				CLANG_WARN__DUPLICATE_METHOD_MATCH = YES;
				COPY_PHASE_STRIP = NO;
				DEBUG_INFORMATION_FORMAT = dwarf;
				ENABLE_STRICT_OBJC_MSGSEND = YES;
				ENABLE_TESTABILITY = YES;
				GCC_C_LANGUAGE_STANDARD = gnu11;
				GCC_DYNAMIC_NO_PIC = NO;
				GCC_NO_COMMON_BLOCKS = YES;
				GCC_OPTIMIZATION_LEVEL = 0;
				GCC_PREPROCESSOR_DEFINITIONS = (
					"DEBUG=1",
					"$(inherited)",
				);
				GCC_WARN_64_TO_32_BIT_CONVERSION = YES;
				GCC_WARN_ABOUT_RETURN_TYPE = YES_ERROR;
				GCC_WARN_UNDECLARED_SELECTOR = YES;
				GCC_WARN_UNINITIALIZED_AUTOS = YES_AGGRESSIVE;
				GCC_WARN_UNUSED_FUNCTION = YES;
				GCC_WARN_UNUSED_VARIABLE = YES;
				IPHONEOS_DEPLOYMENT_TARGET = 15.5;
				MTL_ENABLE_DEBUG_INFO = INCLUDE_SOURCE;
				MTL_FAST_MATH = YES;
				ONLY_ACTIVE_ARCH = YES;
				SDKROOT = iphoneos;
				SWIFT_ACTIVE_COMPILATION_CONDITIONS = DEBUG;
				SWIFT_OPTIMIZATION_LEVEL = "-Onone";
			};
			name = Debug;
		};
		54260BBA28E04F3E00945370 /* Release */ = {
			isa = XCBuildConfiguration;
			buildSettings = {
				ALWAYS_SEARCH_USER_PATHS = NO;
				CLANG_ANALYZER_NONNULL = YES;
				CLANG_ANALYZER_NUMBER_OBJECT_CONVERSION = YES_AGGRESSIVE;
				CLANG_CXX_LANGUAGE_STANDARD = "gnu++17";
				CLANG_ENABLE_MODULES = YES;
				CLANG_ENABLE_OBJC_ARC = YES;
				CLANG_ENABLE_OBJC_WEAK = YES;
				CLANG_WARN_BLOCK_CAPTURE_AUTORELEASING = YES;
				CLANG_WARN_BOOL_CONVERSION = YES;
				CLANG_WARN_COMMA = YES;
				CLANG_WARN_CONSTANT_CONVERSION = YES;
				CLANG_WARN_DEPRECATED_OBJC_IMPLEMENTATIONS = YES;
				CLANG_WARN_DIRECT_OBJC_ISA_USAGE = YES_ERROR;
				CLANG_WARN_DOCUMENTATION_COMMENTS = YES;
				CLANG_WARN_EMPTY_BODY = YES;
				CLANG_WARN_ENUM_CONVERSION = YES;
				CLANG_WARN_INFINITE_RECURSION = YES;
				CLANG_WARN_INT_CONVERSION = YES;
				CLANG_WARN_NON_LITERAL_NULL_CONVERSION = YES;
				CLANG_WARN_OBJC_IMPLICIT_RETAIN_SELF = YES;
				CLANG_WARN_OBJC_LITERAL_CONVERSION = YES;
				CLANG_WARN_OBJC_ROOT_CLASS = YES_ERROR;
				CLANG_WARN_QUOTED_INCLUDE_IN_FRAMEWORK_HEADER = YES;
				CLANG_WARN_RANGE_LOOP_ANALYSIS = YES;
				CLANG_WARN_STRICT_PROTOTYPES = YES;
				CLANG_WARN_SUSPICIOUS_MOVE = YES;
				CLANG_WARN_UNGUARDED_AVAILABILITY = YES_AGGRESSIVE;
				CLANG_WARN_UNREACHABLE_CODE = YES;
				CLANG_WARN__DUPLICATE_METHOD_MATCH = YES;
				COPY_PHASE_STRIP = NO;
				DEBUG_INFORMATION_FORMAT = "dwarf-with-dsym";
				ENABLE_NS_ASSERTIONS = NO;
				ENABLE_STRICT_OBJC_MSGSEND = YES;
				GCC_C_LANGUAGE_STANDARD = gnu11;
				GCC_NO_COMMON_BLOCKS = YES;
				GCC_WARN_64_TO_32_BIT_CONVERSION = YES;
				GCC_WARN_ABOUT_RETURN_TYPE = YES_ERROR;
				GCC_WARN_UNDECLARED_SELECTOR = YES;
				GCC_WARN_UNINITIALIZED_AUTOS = YES_AGGRESSIVE;
				GCC_WARN_UNUSED_FUNCTION = YES;
				GCC_WARN_UNUSED_VARIABLE = YES;
				IPHONEOS_DEPLOYMENT_TARGET = 15.5;
				MTL_ENABLE_DEBUG_INFO = NO;
				MTL_FAST_MATH = YES;
				SDKROOT = iphoneos;
				SWIFT_COMPILATION_MODE = wholemodule;
				SWIFT_OPTIMIZATION_LEVEL = "-O";
				VALIDATE_PRODUCT = YES;
			};
			name = Release;
		};
		54260BBC28E04F3E00945370 /* Debug */ = {
			isa = XCBuildConfiguration;
			buildSettings = {
				ASSETCATALOG_COMPILER_APPICON_NAME = AppIcon;
				ASSETCATALOG_COMPILER_GLOBAL_ACCENT_COLOR_NAME = AccentColor;
				CODE_SIGN_STYLE = Automatic;
				CURRENT_PROJECT_VERSION = 1;
				DEVELOPMENT_ASSET_PATHS = "\"Appetizers/Preview Content\"";
				DEVELOPMENT_TEAM = QK348HV74W;
				ENABLE_PREVIEWS = YES;
				GENERATE_INFOPLIST_FILE = YES;
				INFOPLIST_KEY_UIApplicationSceneManifest_Generation = YES;
				INFOPLIST_KEY_UIApplicationSupportsIndirectInputEvents = YES;
				INFOPLIST_KEY_UILaunchScreen_Generation = YES;
				INFOPLIST_KEY_UISupportedInterfaceOrientations_iPad = "UIInterfaceOrientationPortrait UIInterfaceOrientationPortraitUpsideDown UIInterfaceOrientationLandscapeLeft UIInterfaceOrientationLandscapeRight";
				INFOPLIST_KEY_UISupportedInterfaceOrientations_iPhone = "UIInterfaceOrientationPortrait UIInterfaceOrientationLandscapeLeft UIInterfaceOrientationLandscapeRight";
				LD_RUNPATH_SEARCH_PATHS = (
					"$(inherited)",
					"@executable_path/Frameworks",
				);
				MARKETING_VERSION = 1.0;
				PRODUCT_BUNDLE_IDENTIFIER = serhankhan.Appetizers;
				PRODUCT_NAME = "$(TARGET_NAME)";
				SWIFT_EMIT_LOC_STRINGS = YES;
				SWIFT_VERSION = 5.0;
				TARGETED_DEVICE_FAMILY = "1,2";
			};
			name = Debug;
		};
		54260BBD28E04F3E00945370 /* Release */ = {
			isa = XCBuildConfiguration;
			buildSettings = {
				ASSETCATALOG_COMPILER_APPICON_NAME = AppIcon;
				ASSETCATALOG_COMPILER_GLOBAL_ACCENT_COLOR_NAME = AccentColor;
				CODE_SIGN_STYLE = Automatic;
				CURRENT_PROJECT_VERSION = 1;
				DEVELOPMENT_ASSET_PATHS = "\"Appetizers/Preview Content\"";
				DEVELOPMENT_TEAM = QK348HV74W;
				ENABLE_PREVIEWS = YES;
				GENERATE_INFOPLIST_FILE = YES;
				INFOPLIST_KEY_UIApplicationSceneManifest_Generation = YES;
				INFOPLIST_KEY_UIApplicationSupportsIndirectInputEvents = YES;
				INFOPLIST_KEY_UILaunchScreen_Generation = YES;
				INFOPLIST_KEY_UISupportedInterfaceOrientations_iPad = "UIInterfaceOrientationPortrait UIInterfaceOrientationPortraitUpsideDown UIInterfaceOrientationLandscapeLeft UIInterfaceOrientationLandscapeRight";
				INFOPLIST_KEY_UISupportedInterfaceOrientations_iPhone = "UIInterfaceOrientationPortrait UIInterfaceOrientationLandscapeLeft UIInterfaceOrientationLandscapeRight";
				LD_RUNPATH_SEARCH_PATHS = (
					"$(inherited)",
					"@executable_path/Frameworks",
				);
				MARKETING_VERSION = 1.0;
				PRODUCT_BUNDLE_IDENTIFIER = serhankhan.Appetizers;
				PRODUCT_NAME = "$(TARGET_NAME)";
				SWIFT_EMIT_LOC_STRINGS = YES;
				SWIFT_VERSION = 5.0;
				TARGETED_DEVICE_FAMILY = "1,2";
			};
			name = Release;
		};
/* End XCBuildConfiguration section */

/* Begin XCConfigurationList section */
		54260BA828E04F3A00945370 /* Build configuration list for PBXProject "Appetizers" */ = {
			isa = XCConfigurationList;
			buildConfigurations = (
				54260BB928E04F3E00945370 /* Debug */,
				54260BBA28E04F3E00945370 /* Release */,
			);
			defaultConfigurationIsVisible = 0;
			defaultConfigurationName = Release;
		};
		54260BBB28E04F3E00945370 /* Build configuration list for PBXNativeTarget "Appetizers" */ = {
			isa = XCConfigurationList;
			buildConfigurations = (
				54260BBC28E04F3E00945370 /* Debug */,
				54260BBD28E04F3E00945370 /* Release */,
			);
			defaultConfigurationIsVisible = 0;
			defaultConfigurationName = Release;
		};
/* End XCConfigurationList section */
	};
	rootObject = 54260BA528E04F3A00945370 /* Project object */;
}
